<?xml version="1.0" encoding="utf-8"?>
<Project ToolsVersion="4.0" xmlns="http://schemas.microsoft.com/developer/msbuild/2003">
  <ItemGroup>
    <Filter Include="Source Files">
      <UniqueIdentifier>{4FC737F1-C7A5-4376-A066-2A32D752A2FF}</UniqueIdentifier>
      <Extensions>cpp;c;cc;cxx;def;odl;idl;hpj;bat;asm;asmx</Extensions>
    </Filter>
    <Filter Include="Header Files">
      <UniqueIdentifier>{93995380-89BD-4b04-88EB-625FBE52EBFB}</UniqueIdentifier>
      <Extensions>h;hpp;hxx;hm;inl;inc;xsd</Extensions>
    </Filter>
    <Filter Include="Resource Files">
      <UniqueIdentifier>{67DA6AB6-F800-4c08-8B7A-83BB121AAD01}</UniqueIdentifier>
      <Extensions>rc;ico;cur;bmp;dlg;rc2;rct;bin;rgs;gif;jpg;jpeg;jpe;resx;tiff;tif;png;wav;mfcribbon-ms</Extensions>
    </Filter>
    <Filter Include="Source Files\rpc">
      <UniqueIdentifier>{b32d8bd9-dd4f-4b37-bd8e-a430b4f439a3}</UniqueIdentifier>
    </Filter>
    <Filter Include="Source Files\server">
      <UniqueIdentifier>{7961fa37-2425-4ae9-9a36-d1a99dd767b3}</UniqueIdentifier>
    </Filter>
    <Filter Include="Source Files\cpp">
      <UniqueIdentifier>{16fdd033-19a9-4897-8f78-0160c0673fb0}</UniqueIdentifier>
    </Filter>
  </ItemGroup>
  <ItemGroup>
    <ClCompile Include="..\cpp\Account.pb.cc">
      <Filter>Source Files\cpp</Filter>
    </ClCompile>
    <ClCompile Include="..\cpp\lib\protocol\attribute.pb.cc">
      <Filter>Source Files\cpp</Filter>
    </ClCompile>
    <ClCompile Include="..\cpp\AttributeSerializer.pb.cc">
      <Filter>Source Files\cpp</Filter>
    </ClCompile>
    <ClCompile Include="..\cpp\service\authentication\authentication.pb.cc">
      <Filter>Source Files\cpp</Filter>
    </ClCompile>
    <ClCompile Include="..\cpp\service\channel\definition\channel.pb.cc">
      <Filter>Source Files\cpp</Filter>
    </ClCompile>
    <ClCompile Include="..\cpp\service\channel_invitation\definition\channel_invitation.pb.cc">
      <Filter>Source Files\cpp</Filter>
    </ClCompile>
    <ClCompile Include="..\cpp\service\channel_invitation\channel_invitation_types.pb.cc">
      <Filter>Source Files\cpp</Filter>
    </ClCompile>
    <ClCompile Include="..\cpp\service\channel\channel_types.pb.cc">
      <Filter>Source Files\cpp</Filter>
    </ClCompile>
    <ClCompile Include="..\cpp\lib\rpc\connection.pb.cc">
      <Filter>Source Files\cpp</Filter>
    </ClCompile>
    <ClCompile Include="..\cpp\lib\protocol\content_handle.pb.cc">
      <Filter>Source Files\cpp</Filter>
    </ClCompile>
    <ClCompile Include="..\cpp\lib\protocol\descriptor.pb.cc">
      <Filter>Source Files\cpp</Filter>
    </ClCompile>
    <ClCompile Include="..\cpp\lib\protocol\entity.pb.cc">
      <Filter>Source Files\cpp</Filter>
    </ClCompile>
    <ClCompile Include="..\cpp\lib\protocol\exchange.pb.cc">
      <Filter>Source Files\cpp</Filter>
    </ClCompile>
    <ClCompile Include="..\cpp\service\exchange\exchange.pb.cc">
      <Filter>Source Files\cpp</Filter>
    </ClCompile>
    <ClCompile Include="..\cpp\lib\protocol\exchange_object_provider.pb.cc">
      <Filter>Source Files\cpp</Filter>
    </ClCompile>
    <ClCompile Include="..\cpp\service\exchange\exchange_types.pb.cc">
      <Filter>Source Files\cpp</Filter>
    </ClCompile>
    <ClCompile Include="..\cpp\service\friends\definition\friends.pb.cc">
      <Filter>Source Files\cpp</Filter>
    </ClCompile>
    <ClCompile Include="..\cpp\service\friends\friends_types.pb.cc">
      <Filter>Source Files\cpp</Filter>
    </ClCompile>
    <ClCompile Include="..\cpp\service\game_master\game_factory.pb.cc">
      <Filter>Source Files\cpp</Filter>
    </ClCompile>
    <ClCompile Include="..\cpp\service\game_master\game_master.pb.cc">
      <Filter>Source Files\cpp</Filter>
    </ClCompile>
    <ClCompile Include="..\cpp\service\game_master\game_master_types.pb.cc">
      <Filter>Source Files\cpp</Filter>
    </ClCompile>
    <ClCompile Include="..\cpp\service\game_utilities\game_utilities.pb.cc">
      <Filter>Source Files\cpp</Filter>
    </ClCompile>
    <ClCompile Include="..\cpp\GameMessage.pb.cc">
      <Filter>Source Files\cpp</Filter>
    </ClCompile>
    <ClCompile Include="..\cpp\GBHandle.pb.cc">
      <Filter>Source Files\cpp</Filter>
    </ClCompile>
    <ClCompile Include="..\cpp\Hero.pb.cc">
      <Filter>Source Files\cpp</Filter>
    </ClCompile>
    <ClCompile Include="..\cpp\Hireling.pb.cc">
      <Filter>Source Files\cpp</Filter>
    </ClCompile>
    <ClCompile Include="..\cpp\lib\protocol\invitation.pb.cc">
      <Filter>Source Files\cpp</Filter>
    </ClCompile>
    <ClCompile Include="..\cpp\ItemCrafting.pb.cc">
      <Filter>Source Files\cpp</Filter>
    </ClCompile>
    <ClCompile Include="..\cpp\Items.pb.cc">
      <Filter>Source Files\cpp</Filter>
    </ClCompile>
    <ClCompile Include="..\cpp\service\notification\notification.pb.cc">
      <Filter>Source Files\cpp</Filter>
    </ClCompile>
    <ClCompile Include="..\cpp\OnlineService.pb.cc">
      <Filter>Source Files\cpp</Filter>
    </ClCompile>
    <ClCompile Include="..\cpp\PartyMessage.pb.cc">
      <Filter>Source Files\cpp</Filter>
    </ClCompile>
    <ClCompile Include="..\cpp\service\presence\presence.pb.cc">
      <Filter>Source Files\cpp</Filter>
    </ClCompile>
    <ClCompile Include="..\cpp\service\presence\presence_types.pb.cc">
      <Filter>Source Files\cpp</Filter>
    </ClCompile>
    <ClCompile Include="..\cpp\lib\config\process_config.pb.cc">
      <Filter>Source Files\cpp</Filter>
    </ClCompile>
    <ClCompile Include="..\cpp\lib\profanity\profanity.pb.cc">
      <Filter>Source Files\cpp</Filter>
    </ClCompile>
    <ClCompile Include="..\cpp\Quest.pb.cc">
      <Filter>Source Files\cpp</Filter>
    </ClCompile>
    <ClCompile Include="..\cpp\lib\protocol\resource.pb.cc">
      <Filter>Source Files\cpp</Filter>
    </ClCompile>
    <ClCompile Include="..\cpp\lib\rpc\rpc.pb.cc">
      <Filter>Source Files\cpp</Filter>
    </ClCompile>
    <ClCompile Include="..\cpp\service\search\search.pb.cc">
      <Filter>Source Files\cpp</Filter>
    </ClCompile>
    <ClCompile Include="..\cpp\service\search\search_types.pb.cc">
      <Filter>Source Files\cpp</Filter>
    </ClCompile>
    <ClCompile Include="..\cpp\service\server_pool\server_pool.pb.cc">
      <Filter>Source Files\cpp</Filter>
    </ClCompile>
    <ClCompile Include="..\cpp\Settings.pb.cc">
      <Filter>Source Files\cpp</Filter>
    </ClCompile>
    <ClCompile Include="..\cpp\Stats.pb.cc">
      <Filter>Source Files\cpp</Filter>
    </ClCompile>
    <ClCompile Include="..\cpp\service\storage\storage.pb.cc">
      <Filter>Source Files\cpp</Filter>
    </ClCompile>
    <ClCompile Include="..\cpp\service\toon\toon.pb.cc">
      <Filter>Source Files\cpp</Filter>
    </ClCompile>
    <ClCompile Include="..\cpp\service\toon\toon_external.pb.cc">
      <Filter>Source Files\cpp</Filter>
    </ClCompile>
    <ClCompile Include="..\cpp\service\user_manager\user_manager.pb.cc">
      <Filter>Source Files\cpp</Filter>
    </ClCompile>
    <ClCompile Include="..\server\TCPServer.cpp">
      <Filter>Source Files\server</Filter>
    </ClCompile>
    <ClCompile Include="..\server\PracticalSocket.cpp">
      <Filter>Source Files\server</Filter>
    </ClCompile>
    <ClCompile Include="..\rpc\rpc.cpp">
      <Filter>Source Files\rpc</Filter>
    </ClCompile>
    <ClCompile Include="..\rpc\headers.cpp">
      <Filter>Source Files\rpc</Filter>
    </ClCompile>
  </ItemGroup>
</Project>